{
  "name": "assets",
  "lockfileVersion": 3,
  "requires": true,
  "packages": {
    "": {
      "dependencies": {
        "@stripe/stripe-js": "^2.1.11"
      }
    },
    "node_modules/@stripe/stripe-js": {
      "version": "2.1.11",
      "resolved": "https://registry.npmjs.org/@stripe/stripe-js/-/stripe-js-2.1.11.tgz",
      "integrity": "sha512-GRyInO+VPMjjgUzVPKpDtz+5s8JKssJ99uhWBGo09yxDQBb+bhkm6PxmVa8C+qsSd30JFO1Z+pgIJ0AMmmZJKg=="
    }
  }
}
